{
    "_readme": [
        "This file locks the dependencies of your project to a known state",
        "Read more about it at http://getcomposer.org/doc/01-basic-usage.md#composer-lock-the-lock-file",
        "This file is @generated automatically"
    ],
    "hash": "8529de15d5f07f7f7c1fc2b059b92ff0",
    "packages": [
        {
            "name": "danielstjules/stringy",
            "version": "1.9.0",
            "source": {
                "type": "git",
                "url": "https://github.com/danielstjules/Stringy.git",
                "reference": "3cf18e9e424a6dedc38b7eb7ef580edb0929461b"
            },
            "dist": {
                "type": "zip",
                "url": "https://api.github.com/repos/danielstjules/Stringy/zipball/3cf18e9e424a6dedc38b7eb7ef580edb0929461b",
                "reference": "3cf18e9e424a6dedc38b7eb7ef580edb0929461b",
                "shasum": ""
            },
            "require": {
                "ext-mbstring": "*",
                "php": ">=5.3.0"
            },
            "require-dev": {
                "phpunit/phpunit": "~4.0"
            },
            "type": "library",
            "autoload": {
                "psr-4": {
                    "Stringy\\": "src/"
                },
                "files": [
                    "src/Create.php"
                ]
            },
            "notification-url": "https://packagist.org/downloads/",
            "license": [
                "MIT"
            ],
            "authors": [
                {
                    "name": "Daniel St. Jules",
                    "email": "danielst.jules@gmail.com",
                    "homepage": "http://www.danielstjules.com"
                }
            ],
            "description": "A string manipulation library with multibyte support",
            "homepage": "https://github.com/danielstjules/Stringy",
            "keywords": [
                "UTF",
                "helpers",
                "manipulation",
                "methods",
                "multibyte",
                "string",
                "utf-8",
                "utility",
                "utils"
            ],
            "time": "2015-02-10 06:19:18"
        },
        {
            "name": "doctrine/inflector",
            "version": "v1.0.1",
            "source": {
                "type": "git",
                "url": "https://github.com/doctrine/inflector.git",
                "reference": "0bcb2e79d8571787f18b7eb036ed3d004908e604"
            },
            "dist": {
                "type": "zip",
                "url": "https://api.github.com/repos/doctrine/inflector/zipball/0bcb2e79d8571787f18b7eb036ed3d004908e604",
                "reference": "0bcb2e79d8571787f18b7eb036ed3d004908e604",
                "shasum": ""
            },
            "require": {
                "php": ">=5.3.2"
            },
            "require-dev": {
                "phpunit/phpunit": "4.*"
            },
            "type": "library",
            "extra": {
                "branch-alias": {
                    "dev-master": "1.0.x-dev"
                }
            },
            "autoload": {
                "psr-0": {
                    "Doctrine\\Common\\Inflector\\": "lib/"
                }
            },
            "notification-url": "https://packagist.org/downloads/",
            "license": [
                "MIT"
            ],
            "authors": [
                {
                    "name": "Roman Borschel",
                    "email": "roman@code-factory.org"
                },
                {
                    "name": "Benjamin Eberlei",
                    "email": "kontakt@beberlei.de"
                },
                {
                    "name": "Guilherme Blanco",
                    "email": "guilhermeblanco@gmail.com"
                },
                {
                    "name": "Jonathan Wage",
                    "email": "jonwage@gmail.com"
                },
                {
                    "name": "Johannes Schmitt",
                    "email": "schmittjoh@gmail.com"
                }
            ],
            "description": "Common String Manipulations with regard to casing and singular/plural rules.",
            "homepage": "http://www.doctrine-project.org",
            "keywords": [
                "inflection",
                "pluralize",
                "singularize",
                "string"
            ],
            "time": "2014-12-20 21:24:13"
        },
        {
            "name": "fabpot/goutte",
            "version": "v2.0.3",
            "source": {
                "type": "git",
                "url": "https://github.com/FriendsOfPHP/Goutte.git",
                "reference": "65ab61eae03d670b93a9044ad2328eb81aa1bde5"
            },
            "dist": {
                "type": "zip",
                "url": "https://api.github.com/repos/FriendsOfPHP/Goutte/zipball/65ab61eae03d670b93a9044ad2328eb81aa1bde5",
                "reference": "65ab61eae03d670b93a9044ad2328eb81aa1bde5",
                "shasum": ""
            },
            "require": {
                "guzzlehttp/guzzle": ">=4,<6",
                "php": ">=5.4.0",
                "symfony/browser-kit": "~2.1",
                "symfony/css-selector": "~2.1",
                "symfony/dom-crawler": "~2.1"
            },
            "type": "application",
            "extra": {
                "branch-alias": {
                    "dev-master": "2.0-dev"
                }
            },
            "autoload": {
                "psr-4": {
                    "Goutte\\": "Goutte"
                }
            },
            "notification-url": "https://packagist.org/downloads/",
            "license": [
                "MIT"
            ],
            "authors": [
                {
                    "name": "Fabien Potencier",
                    "email": "fabien@symfony.com"
                }
            ],
            "description": "A simple PHP Web Scraper",
            "homepage": "https://github.com/FriendsOfPHP/Goutte",
            "keywords": [
                "scraper"
            ],
            "time": "2014-11-28 09:48:17"
        },
        {
            "name": "guzzlehttp/guzzle",
            "version": "5.2.0",
            "source": {
                "type": "git",
                "url": "https://github.com/guzzle/guzzle.git",
                "reference": "475b29ccd411f2fa8a408e64576418728c032cfa"
            },
            "dist": {
                "type": "zip",
                "url": "https://api.github.com/repos/guzzle/guzzle/zipball/475b29ccd411f2fa8a408e64576418728c032cfa",
                "reference": "475b29ccd411f2fa8a408e64576418728c032cfa",
                "shasum": ""
            },
            "require": {
                "guzzlehttp/ringphp": "~1.0",
                "php": ">=5.4.0"
            },
            "require-dev": {
                "ext-curl": "*",
                "phpunit/phpunit": "~4.0",
                "psr/log": "~1.0"
            },
            "type": "library",
            "extra": {
                "branch-alias": {
                    "dev-master": "5.0-dev"
                }
            },
            "autoload": {
                "psr-4": {
                    "GuzzleHttp\\": "src/"
                }
            },
            "notification-url": "https://packagist.org/downloads/",
            "license": [
                "MIT"
            ],
            "authors": [
                {
                    "name": "Michael Dowling",
                    "email": "mtdowling@gmail.com",
                    "homepage": "https://github.com/mtdowling"
                }
            ],
            "description": "Guzzle is a PHP HTTP client library and framework for building RESTful web service clients",
            "homepage": "http://guzzlephp.org/",
            "keywords": [
                "client",
                "curl",
                "framework",
                "http",
                "http client",
                "rest",
                "web service"
            ],
            "time": "2015-01-28 01:03:29"
        },
        {
            "name": "guzzlehttp/ringphp",
            "version": "1.0.7",
            "source": {
                "type": "git",
                "url": "https://github.com/guzzle/RingPHP.git",
                "reference": "52d868f13570a9a56e5fce6614e0ec75d0f13ac2"
            },
            "dist": {
                "type": "zip",
                "url": "https://api.github.com/repos/guzzle/RingPHP/zipball/52d868f13570a9a56e5fce6614e0ec75d0f13ac2",
                "reference": "52d868f13570a9a56e5fce6614e0ec75d0f13ac2",
                "shasum": ""
            },
            "require": {
                "guzzlehttp/streams": "~3.0",
                "php": ">=5.4.0",
                "react/promise": "~2.0"
            },
            "require-dev": {
                "ext-curl": "*",
                "phpunit/phpunit": "~4.0"
            },
            "suggest": {
                "ext-curl": "Guzzle will use specific adapters if cURL is present"
            },
            "type": "library",
            "extra": {
                "branch-alias": {
                    "dev-master": "1.0-dev"
                }
            },
            "autoload": {
                "psr-4": {
                    "GuzzleHttp\\Ring\\": "src/"
                }
            },
            "notification-url": "https://packagist.org/downloads/",
            "license": [
                "MIT"
            ],
            "authors": [
                {
                    "name": "Michael Dowling",
                    "email": "mtdowling@gmail.com",
                    "homepage": "https://github.com/mtdowling"
                }
            ],
            "description": "Provides a simple API and specification that abstracts away the details of HTTP into a single PHP function.",
            "time": "2015-03-30 01:43:20"
        },
        {
            "name": "guzzlehttp/streams",
            "version": "3.0.0",
            "source": {
                "type": "git",
                "url": "https://github.com/guzzle/streams.git",
                "reference": "47aaa48e27dae43d39fc1cea0ccf0d84ac1a2ba5"
            },
            "dist": {
                "type": "zip",
                "url": "https://api.github.com/repos/guzzle/streams/zipball/47aaa48e27dae43d39fc1cea0ccf0d84ac1a2ba5",
                "reference": "47aaa48e27dae43d39fc1cea0ccf0d84ac1a2ba5",
                "shasum": ""
            },
            "require": {
                "php": ">=5.4.0"
            },
            "require-dev": {
                "phpunit/phpunit": "~4.0"
            },
            "type": "library",
            "extra": {
                "branch-alias": {
                    "dev-master": "3.0-dev"
                }
            },
            "autoload": {
                "psr-4": {
                    "GuzzleHttp\\Stream\\": "src/"
                }
            },
            "notification-url": "https://packagist.org/downloads/",
            "license": [
                "MIT"
            ],
            "authors": [
                {
                    "name": "Michael Dowling",
                    "email": "mtdowling@gmail.com",
                    "homepage": "https://github.com/mtdowling"
                }
            ],
            "description": "Provides a simple abstraction over streams of data",
            "homepage": "http://guzzlephp.org/",
            "keywords": [
                "Guzzle",
                "stream"
            ],
            "time": "2014-10-12 19:18:40"
        },
        {
            "name": "illuminate/contracts",
            "version": "v5.0.0",
            "source": {
                "type": "git",
                "url": "https://github.com/illuminate/contracts.git",
                "reference": "78f1dba092d5fcb6d3a19537662abe31c4d128fd"
            },
            "dist": {
                "type": "zip",
                "url": "https://api.github.com/repos/illuminate/contracts/zipball/78f1dba092d5fcb6d3a19537662abe31c4d128fd",
                "reference": "78f1dba092d5fcb6d3a19537662abe31c4d128fd",
                "shasum": ""
            },
            "require": {
                "php": ">=5.4.0"
            },
            "type": "library",
            "extra": {
                "branch-alias": {
                    "dev-master": "5.0-dev"
                }
            },
            "autoload": {
                "psr-4": {
                    "Illuminate\\Contracts\\": ""
                }
            },
            "notification-url": "https://packagist.org/downloads/",
            "license": [
                "MIT"
            ],
            "authors": [
                {
                    "name": "Taylor Otwell",
                    "email": "taylorotwell@gmail.com"
                }
            ],
            "description": "The Illuminate Contracts package.",
            "time": "2015-01-30 16:27:08"
        },
        {
            "name": "illuminate/support",
            "version": "v5.0.26",
            "source": {
                "type": "git",
                "url": "https://github.com/illuminate/support.git",
                "reference": "29e8618a45d090572e092abf193a257bf28c48d9"
            },
            "dist": {
                "type": "zip",
                "url": "https://api.github.com/repos/illuminate/support/zipball/29e8618a45d090572e092abf193a257bf28c48d9",
                "reference": "29e8618a45d090572e092abf193a257bf28c48d9",
                "shasum": ""
            },
            "require": {
                "danielstjules/stringy": "~1.8",
                "doctrine/inflector": "~1.0",
                "ext-mbstring": "*",
                "illuminate/contracts": "5.0.*",
                "php": ">=5.4.0"
            },
            "suggest": {
                "jeremeamia/superclosure": "Required to be able to serialize closures (~2.0)."
            },
            "type": "library",
            "extra": {
                "branch-alias": {
                    "dev-master": "5.0-dev"
                }
            },
            "autoload": {
                "psr-4": {
                    "Illuminate\\Support\\": ""
                },
                "files": [
                    "helpers.php"
                ]
            },
            "notification-url": "https://packagist.org/downloads/",
            "license": [
                "MIT"
            ],
            "authors": [
                {
                    "name": "Taylor Otwell",
                    "email": "taylorotwell@gmail.com"
                }
            ],
            "description": "The Illuminate Support package.",
            "homepage": "http://laravel.com",
            "time": "2015-03-27 14:49:11"
        },
        {
            "name": "league/csv",
            "version": "7.0.1",
            "source": {
                "type": "git",
                "url": "https://github.com/thephpleague/csv.git",
                "reference": "90a92cc55eeff660599840665890eda28a689920"
            },
            "dist": {
                "type": "zip",
                "url": "https://api.github.com/repos/thephpleague/csv/zipball/90a92cc55eeff660599840665890eda28a689920",
                "reference": "90a92cc55eeff660599840665890eda28a689920",
                "shasum": ""
            },
            "require": {
                "ext-mbstring": "*",
                "php": ">=5.4.0"
            },
            "require-dev": {
                "phpunit/phpunit": "~4.0"
            },
            "type": "library",
            "extra": {
                "branch-alias": {
                    "dev-master": "7.0-dev"
                }
            },
            "autoload": {
                "psr-4": {
                    "League\\Csv\\": "src"
                }
            },
            "notification-url": "https://packagist.org/downloads/",
            "license": [
                "MIT"
            ],
            "authors": [
                {
                    "name": "Ignace Nyamagana Butera",
                    "email": "nyamsprod@gmail.com",
                    "homepage": "https://github.com/nyamsprod/",
                    "role": "Developer"
                }
            ],
            "description": "Csv data manipulation made easy in PHP",
            "homepage": "http://csv.thephpleague.com",
            "keywords": [
                "csv",
                "export",
                "filter",
                "import",
                "read",
                "write"
            ],
            "time": "2015-03-23 11:54:26"
        },
        {
            "name": "react/promise",
            "version": "v2.2.0",
            "source": {
                "type": "git",
                "url": "https://github.com/reactphp/promise.git",
                "reference": "365fcee430dfa4ace1fbc75737ca60ceea7eeeef"
            },
            "dist": {
                "type": "zip",
                "url": "https://api.github.com/repos/reactphp/promise/zipball/365fcee430dfa4ace1fbc75737ca60ceea7eeeef",
                "reference": "365fcee430dfa4ace1fbc75737ca60ceea7eeeef",
                "shasum": ""
            },
            "require": {
                "php": ">=5.4.0"
            },
            "type": "library",
            "extra": {
                "branch-alias": {
                    "dev-master": "2.0-dev"
                }
            },
            "autoload": {
                "psr-4": {
                    "React\\Promise\\": "src/"
                },
                "files": [
                    "src/functions_include.php"
                ]
            },
            "notification-url": "https://packagist.org/downloads/",
            "license": [
                "MIT"
            ],
            "authors": [
                {
                    "name": "Jan Sorgalla",
                    "email": "jsorgalla@googlemail.com"
                }
            ],
            "description": "A lightweight implementation of CommonJS Promises/A for PHP",
            "time": "2014-12-30 13:32:42"
        },
        {
            "name": "symfony/browser-kit",
            "version": "v2.6.6",
            "target-dir": "Symfony/Component/BrowserKit",
            "source": {
                "type": "git",
                "url": "https://github.com/symfony/BrowserKit.git",
                "reference": "f21189b0eccbe56528515858ca1d5089a741692f"
            },
            "dist": {
                "type": "zip",
                "url": "https://api.github.com/repos/symfony/BrowserKit/zipball/f21189b0eccbe56528515858ca1d5089a741692f",
                "reference": "f21189b0eccbe56528515858ca1d5089a741692f",
                "shasum": ""
            },
            "require": {
                "php": ">=5.3.3",
                "symfony/dom-crawler": "~2.0,>=2.0.5"
            },
            "require-dev": {
                "symfony/css-selector": "~2.0,>=2.0.5",
                "symfony/phpunit-bridge": "~2.7",
                "symfony/process": "~2.0,>=2.0.5"
            },
            "suggest": {
                "symfony/process": ""
            },
            "type": "library",
            "extra": {
                "branch-alias": {
                    "dev-master": "2.6-dev"
                }
            },
            "autoload": {
                "psr-0": {
                    "Symfony\\Component\\BrowserKit\\": ""
                }
            },
            "notification-url": "https://packagist.org/downloads/",
            "license": [
                "MIT"
            ],
            "authors": [
                {
                    "name": "Symfony Community",
                    "homepage": "http://symfony.com/contributors"
                },
                {
                    "name": "Fabien Potencier",
                    "email": "fabien@symfony.com"
                }
            ],
            "description": "Symfony BrowserKit Component",
            "homepage": "http://symfony.com",
            "time": "2015-03-30 15:54:10"
        },
        {
            "name": "symfony/css-selector",
            "version": "v2.6.6",
            "target-dir": "Symfony/Component/CssSelector",
            "source": {
                "type": "git",
                "url": "https://github.com/symfony/CssSelector.git",
                "reference": "db2c48df9658423a8c168d89f7b971b73d3d74a4"
            },
            "dist": {
                "type": "zip",
                "url": "https://api.github.com/repos/symfony/CssSelector/zipball/db2c48df9658423a8c168d89f7b971b73d3d74a4",
                "reference": "db2c48df9658423a8c168d89f7b971b73d3d74a4",
                "shasum": ""
            },
            "require": {
                "php": ">=5.3.3"
            },
            "require-dev": {
                "symfony/phpunit-bridge": "~2.7"
            },
            "type": "library",
            "extra": {
                "branch-alias": {
                    "dev-master": "2.6-dev"
                }
            },
            "autoload": {
                "psr-0": {
                    "Symfony\\Component\\CssSelector\\": ""
                }
            },
            "notification-url": "https://packagist.org/downloads/",
            "license": [
                "MIT"
            ],
            "authors": [
                {
                    "name": "Symfony Community",
                    "homepage": "http://symfony.com/contributors"
                },
                {
                    "name": "Jean-François Simon",
                    "email": "jeanfrancois.simon@sensiolabs.com"
                },
                {
                    "name": "Fabien Potencier",
                    "email": "fabien@symfony.com"
                }
            ],
            "description": "Symfony CssSelector Component",
            "homepage": "http://symfony.com",
            "time": "2015-03-22 16:55:57"
        },
        {
            "name": "symfony/dom-crawler",
            "version": "v2.6.6",
            "target-dir": "Symfony/Component/DomCrawler",
            "source": {
                "type": "git",
                "url": "https://github.com/symfony/DomCrawler.git",
                "reference": "8897ebf39c7dfb752a5494fa301845a3fbb9e53d"
            },
            "dist": {
                "type": "zip",
                "url": "https://api.github.com/repos/symfony/DomCrawler/zipball/8897ebf39c7dfb752a5494fa301845a3fbb9e53d",
                "reference": "8897ebf39c7dfb752a5494fa301845a3fbb9e53d",
                "shasum": ""
            },
            "require": {
                "php": ">=5.3.3"
            },
            "require-dev": {
                "symfony/css-selector": "~2.3",
                "symfony/phpunit-bridge": "~2.7"
            },
            "suggest": {
                "symfony/css-selector": ""
            },
            "type": "library",
            "extra": {
                "branch-alias": {
                    "dev-master": "2.6-dev"
                }
            },
            "autoload": {
                "psr-0": {
                    "Symfony\\Component\\DomCrawler\\": ""
                }
            },
            "notification-url": "https://packagist.org/downloads/",
            "license": [
                "MIT"
            ],
            "authors": [
                {
                    "name": "Symfony Community",
                    "homepage": "http://symfony.com/contributors"
                },
                {
                    "name": "Fabien Potencier",
                    "email": "fabien@symfony.com"
                }
            ],
            "description": "Symfony DomCrawler Component",
            "homepage": "http://symfony.com",
            "time": "2015-03-30 15:54:10"
        },
        {
            "name": "symfony/var-dumper",
            "version": "v2.6.6",
            "target-dir": "Symfony/Component/VarDumper",
            "source": {
                "type": "git",
                "url": "https://github.com/symfony/var-dumper.git",
                "reference": "aafae00236e147568832de3c65ccb94cfc836278"
            },
            "dist": {
                "type": "zip",
                "url": "https://api.github.com/repos/symfony/var-dumper/zipball/aafae00236e147568832de3c65ccb94cfc836278",
                "reference": "aafae00236e147568832de3c65ccb94cfc836278",
                "shasum": ""
            },
            "require": {
                "php": ">=5.3.3"
            },
            "require-dev": {
                "symfony/phpunit-bridge": "~2.7"
            },
            "suggest": {
                "ext-symfony_debug": ""
            },
            "type": "library",
            "extra": {
                "branch-alias": {
                    "dev-master": "2.6-dev"
                }
            },
            "autoload": {
                "files": [
                    "Resources/functions/dump.php"
                ],
                "psr-0": {
                    "Symfony\\Component\\VarDumper\\": ""
                }
            },
            "notification-url": "https://packagist.org/downloads/",
            "license": [
                "MIT"
            ],
            "authors": [
                {
                    "name": "Symfony Community",
                    "homepage": "http://symfony.com/contributors"
                },
                {
                    "name": "Nicolas Grekas",
                    "email": "p@tchwork.com"
                }
            ],
            "description": "Symfony mechanism for exploring and dumping PHP variables",
            "homepage": "http://symfony.com",
            "keywords": [
                "debug",
                "dump"
            ],
            "time": "2015-03-31 08:12:29"
        }
    ],
    "packages-dev": [],
    "aliases": [],
    "minimum-stability": "stable",
    "stability-flags": [],
    "prefer-stable": false,
    "prefer-lowest": false,
    "platform": [],
    "platform-dev": []
}
